// !$*UTF8*$!
{
	archiveVersion = 1;
	classes = {
	};
	objectVersion = 46;
	objects = {

/* Begin PBXBuildFile section */
		C6B2E31B1C81DCA5006D7A2D /* main.cpp in Sources */ = {isa = PBXBuildFile; fileRef = C6B2E31A1C81DCA5006D7A2D /* main.cpp */; };
/* End PBXBuildFile section */

/* Begin PBXCopyFilesBuildPhase section */
		C6B2E3151C81DCA5006D7A2D /* CopyFiles */ = {
			isa = PBXCopyFilesBuildPhase;
			buildActionMask = 2147483647;
			dstPath = /usr/share/man/man1/;
			dstSubfolderSpec = 0;
			files = (
			);
			runOnlyForDeploymentPostprocessing = 1;
		};
/* End PBXCopyFilesBuildPhase section */

/* Begin PBXFileReference section */
		C64DB92C1C81DD9A00D0DF84 /* Sales_item.h */ = {isa = PBXFileReference; fileEncoding = 4; lastKnownFileType = sourcecode.c.h; path = Sales_item.h; sourceTree = "<group>"; };
		C6B2E3171C81DCA5006D7A2D /* bookstore */ = {isa = PBXFileReference; explicitFileType = "compiled.mach-o.executable"; includeInIndex = 0; path = bookstore; sourceTree = BUILT_PRODUCTS_DIR; };
		C6B2E31A1C81DCA5006D7A2D /* main.cpp */ = {isa = PBXFileReference; lastKnownFileType = sourcecode.cpp.cpp; path = main.cpp; sourceTree = "<group>"; };
/* End PBXFileReference section */

/* Begin PBXFrameworksBuildPhase section */
		C6B2E3141C81DCA5006D7A2D /* Frameworks */ = {
			isa = PBXFrameworksBuildPhase;
			buildActionMask = 2147483647;
			files = (
			);
			runOnlyForDeploymentPostprocessing = 0;
		};
/* End PBXFrameworksBuildPhase section */

/* Begin PBXGroup section */
		C6B2E30E1C81DCA5006D7A2D = {
			isa = PBXGroup;
			children = (
				C6B2E3191C81DCA5006D7A2D /* bookstore */,
				C6B2E3181C81DCA5006D7A2D /* Products */,
			);
			sourceTree = "<group>";
		};
		C6B2E3181C81DCA5006D7A2D /* Products */ = {
			isa = PBXGroup;
			children = (
				C6B2E3171C81DCA5006D7A2D /* bookstore */,
			);
			name = Products;
			sourceTree = "<group>";
		};
		C6B2E3191C81DCA5006D7A2D /* bookstore */ = {
			isa = PBXGroup;
			children = (
				C64DB92C1C81DD9A00D0DF84 /* Sales_item.h */,
				C6B2E31A1C81DCA5006D7A2D /* main.cpp */,
			);
			path = bookstore;
			sourceTree = "<group>";
		};
/* End PBXGroup section */

/* Begin PBXNativeTarget section */
		C6B2E3161C81DCA5006D7A2D /* bookstore */ = {
			isa = PBXNativeTarget;
			buildConfigurationList = C6B2E31E1C81DCA5006D7A2D /* Build configuration list for PBXNativeTarget "bookstore" */;
			buildPhases = (
				C6B2E3131C81DCA5006D7A2D /* Sources */,
				C6B2E3141C81DCA5006D7A2D /* Frameworks */,
				C6B2E3151C81DCA5006D7A2D /* CopyFiles */,
			);
			buildRules = (
			);
			dependencies = (
			);
			name = bookstore;
			productName = bookstore;
			productReference = C6B2E3171C81DCA5006D7A2D /* bookstore */;
			productType = "com.apple.product-type.tool";
		};
/* End PBXNativeTarget section */

/* Begin PBXProject section */
		C6B2E30F1C81DCA5006D7A2D /* Project object */ = {
			isa = PBXProject;
			attributes = {
				LastUpgradeCheck = 0720;
				ORGANIZATIONNAME = "刘楠";
				TargetAttributes = {
					C6B2E3161C81DCA5006D7A2D = {
						CreatedOnToolsVersion = 7.2.1;
					};
				};
			};
			buildConfigurationList = C6B2E3121C81DCA5006D7A2D /* Build configuration list for PBXProject "bookstore" */;
			compatibilityVersion = "Xcode 3.2";
			developmentRegion = English;
			hasScannedForEncodings = 0;
			knownRegions = (
				en,
			);
			mainGroup = C6B2E30E1C81DCA5006D7A2D;
			productRefGroup = C6B2E3181C81DCA5006D7A2D /* Products */;
			projectDirPath = "";
			projectRoot = "";
			targets = (
				C6B2E3161C81DCA5006D7A2D /* bookstore */,
			);
		};
/* End PBXProject section */

/* Begin PBXSourcesBuildPhase section */
		C6B2E3131C81DCA5006D7A2D /* Sources */ = {
			isa = PBXSourcesBuildPhase;
			buildActionMask = 2147483647;
			files = (
				C6B2E31B1C81DCA5006D7A2D /* main.cpp in Sources */,
			);
			runOnlyForDeploymentPostprocessing = 0;
		};
/* End PBXSourcesBuildPhase section */

/* Begin XCBuildConfiguration section */
		C6B2E31C1C81DCA5006D7A2D /* Debug */ = {
			isa = XCBuildConfiguration;
			buildSettings = {
				ALWAYS_SEARCH_USER_PATHS = NO;
				CLANG_CXX_LANGUAGE_STANDARD = "gnu++0x";
				CLANG_CXX_LIBRARY = "libc++";
				CLANG_ENABLE_MODULES = YES;
				CLANG_ENABLE_OBJC_ARC = YES;
				CLANG_WARN_BOOL_CONVERSION = YES;
				CLANG_WARN_CONSTANT_CONVERSION = YES;
				CLANG_WARN_DIRECT_OBJC_ISA_USAGE = YES_ERROR;
				CLANG_WARN_EMPTY_BODY = YES;
				CLANG_WARN_ENUM_CONVERSION = YES;
				CLANG_WARN_INT_CONVERSION = YES;
				CLANG_WARN_OBJC_ROOT_CLASS = YES_ERROR;
				CLANG_WARN_UNREACHABLE_CODE = YES;
				CLANG_WARN__DUPLICATE_METHOD_MATCH = YES;
				CODE_SIGN_IDENTITY = "-";
				COPY_PHASE_STRIP = NO;
				DEBUG_INFORMATION_FORMAT = dwarf;
				ENABLE_STRICT_OBJC_MSGSEND = YES;
				ENABLE_TESTABILITY = YES;
				GCC_C_LANGUAGE_STANDARD = gnu99;
				GCC_DYNAMIC_NO_PIC = NO;
				GCC_NO_COMMON_BLOCKS = YES;
				GCC_OPTIMIZATION_LEVEL = 0;
				GCC_PREPROCESSOR_DEFINITIONS = (
					"DEBUG=1",
					"$(inherited)",
				);
				GCC_WARN_64_TO_32_BIT_CONVERSION = YES;
				GCC_WARN_ABOUT_RETURN_TYPE = YES_ERROR;
				GCC_WARN_UNDECLARED_SELECTOR = YES;
				GCC_WARN_UNINITIALIZED_AUTOS = YES_AGGRESSIVE;
				GCC_WARN_UNUSED_FUNCTION = YES;
				GCC_WARN_UNUSED_VARIABLE = YES;
				MACOSX_DEPLOYMENT_TARGET = 10.11;
				MTL_ENABLE_DEBUG_INFO = YES;
				ONLY_ACTIVE_ARCH = YES;
				SDKROOT = macosx;
			};
			name = Debug;
		};
		C6B2E31D1C81DCA5006D7A2D /* Release */ = {
			isa = XCBuildConfiguration;
			buildSettings = {
				ALWAYS_SEARCH_USER_PATHS = NO;
				CLANG_CXX_LANGUAGE_STANDARD = "gnu++0x";
				CLANG_CXX_LIBRARY = "libc++";
				CLANG_ENABLE_MODULES = YES;
				CLANG_ENABLE_OBJC_ARC = YES;
				CLANG_WARN_BOOL_CONVERSION = YES;
				CLANG_WARN_CONSTANT_CONVERSION = YES;
				CLANG_WARN_DIRECT_OBJC_ISA_USAGE = YES_ERROR;
				CLANG_WARN_EMPTY_BODY = YES;
				CLANG_WARN_ENUM_CONVERSION = YES;
				CLANG_WARN_INT_CONVERSION = YES;
				CLANG_WARN_OBJC_ROOT_CLASS = YES_ERROR;
				CLANG_WARN_UNREACHABLE_CODE = YES;
				CLANG_WARN__DUPLICATE_METHOD_MATCH = YES;
				CODE_SIGN_IDENTITY = "-";
				COPY_PHASE_STRIP = NO;
				DEBUG_INFORMATION_FORMAT = "dwarf-with-dsym";
				ENABLE_NS_ASSERTIONS = NO;
				ENABLE_STRICT_OBJC_MSGSEND = YES;
				GCC_C_LANGUAGE_STANDARD = gnu99;
				GCC_NO_COMMON_BLOCKS = YES;
				GCC_WARN_64_TO_32_BIT_CONVERSION = YES;
				GCC_WARN_ABOUT_RETURN_TYPE = YES_ERROR;
				GCC_WARN_UNDECLARED_SELECTOR = YES;
				GCC_WARN_UNINITIALIZED_AUTOS = YES_AGGRESSIVE;
				GCC_WARN_UNUSED_FUNCTION = YES;
				GCC_WARN_UNUSED_VARIABLE = YES;
				MACOSX_DEPLOYMENT_TARGET = 10.11;
				MTL_ENABLE_DEBUG_INFO = NO;
				SDKROOT = macosx;
			};
			name = Release;
		};
		C6B2E31F1C81DCA5006D7A2D /* Debug */ = {
			isa = XCBuildConfiguration;
			buildSettings = {
				PRODUCT_NAME = "$(TARGET_NAME)";
			};
			name = Debug;
		};
		C6B2E3201C81DCA5006D7A2D /* Release */ = {
			isa = XCBuildConfiguration;
			buildSettings = {
				PRODUCT_NAME = "$(TARGET_NAME)";
			};
			name = Release;
		};
/* End XCBuildConfiguration section */

/* Begin XCConfigurationList section */
		C6B2E3121C81DCA5006D7A2D /* Build configuration list for PBXProject "bookstore" */ = {
			isa = XCConfigurationList;
			buildConfigurations = (
				C6B2E31C1C81DCA5006D7A2D /* Debug */,
				C6B2E31D1C81DCA5006D7A2D /* Release */,
			);
			defaultConfigurationIsVisible = 0;
			defaultConfigurationName = Release;
		};
		C6B2E31E1C81DCA5006D7A2D /* Build configuration list for PBXNativeTarget "bookstore" */ = {
			isa = XCConfigurationList;
			buildConfigurations = (
				C6B2E31F1C81DCA5006D7A2D /* Debug */,
				C6B2E3201C81DCA5006D7A2D /* Release */,
			);
			defaultConfigurationIsVisible = 0;
			defaultConfigurationName = Release;
		};
/* End XCConfigurationList section */
	};
	rootObject = C6B2E30F1C81DCA5006D7A2D /* Project object */;
}
