// !$*UTF8*$!
{
	archiveVersion = 1;
	classes = {
	};
	objectVersion = 46;
	objects = {

/* Begin PBXBuildFile section */
		C6EAC4C61C85D5AB00FFFBFA /* main.cpp in Sources */ = {isa = PBXBuildFile; fileRef = C6EAC4C51C85D5AB00FFFBFA /* main.cpp */; };
/* End PBXBuildFile section */

/* Begin PBXCopyFilesBuildPhase section */
		C6EAC4C01C85D5AB00FFFBFA /* CopyFiles */ = {
			isa = PBXCopyFilesBuildPhase;
			buildActionMask = 2147483647;
			dstPath = /usr/share/man/man1/;
			dstSubfolderSpec = 0;
			files = (
			);
			runOnlyForDeploymentPostprocessing = 1;
		};
/* End PBXCopyFilesBuildPhase section */

/* Begin PBXFileReference section */
		C61840911CD4CCC200A1648A /* Sales_data.h */ = {isa = PBXFileReference; lastKnownFileType = sourcecode.c.h; path = Sales_data.h; sourceTree = "<group>"; };
		C6EAC4C21C85D5AB00FFFBFA /* C++ test */ = {isa = PBXFileReference; explicitFileType = "compiled.mach-o.executable"; includeInIndex = 0; path = "C++ test"; sourceTree = BUILT_PRODUCTS_DIR; };
		C6EAC4C51C85D5AB00FFFBFA /* main.cpp */ = {isa = PBXFileReference; lastKnownFileType = sourcecode.cpp.cpp; path = main.cpp; sourceTree = "<group>"; };
/* End PBXFileReference section */

/* Begin PBXFrameworksBuildPhase section */
		C6EAC4BF1C85D5AB00FFFBFA /* Frameworks */ = {
			isa = PBXFrameworksBuildPhase;
			buildActionMask = 2147483647;
			files = (
			);
			runOnlyForDeploymentPostprocessing = 0;
		};
/* End PBXFrameworksBuildPhase section */

/* Begin PBXGroup section */
		C6EAC4B91C85D5AB00FFFBFA = {
			isa = PBXGroup;
			children = (
				C6EAC4C41C85D5AB00FFFBFA /* C++ test */,
				C6EAC4C31C85D5AB00FFFBFA /* Products */,
			);
			sourceTree = "<group>";
		};
		C6EAC4C31C85D5AB00FFFBFA /* Products */ = {
			isa = PBXGroup;
			children = (
				C6EAC4C21C85D5AB00FFFBFA /* C++ test */,
			);
			name = Products;
			sourceTree = "<group>";
		};
		C6EAC4C41C85D5AB00FFFBFA /* C++ test */ = {
			isa = PBXGroup;
			children = (
				C6EAC4C51C85D5AB00FFFBFA /* main.cpp */,
				C61840911CD4CCC200A1648A /* Sales_data.h */,
			);
			path = "C++ test";
			sourceTree = "<group>";
		};
/* End PBXGroup section */

/* Begin PBXNativeTarget section */
		C6EAC4C11C85D5AB00FFFBFA /* C++ test */ = {
			isa = PBXNativeTarget;
			buildConfigurationList = C6EAC4C91C85D5AB00FFFBFA /* Build configuration list for PBXNativeTarget "C++ test" */;
			buildPhases = (
				C6EAC4BE1C85D5AB00FFFBFA /* Sources */,
				C6EAC4BF1C85D5AB00FFFBFA /* Frameworks */,
				C6EAC4C01C85D5AB00FFFBFA /* CopyFiles */,
			);
			buildRules = (
			);
			dependencies = (
			);
			name = "C++ test";
			productName = "C++ test";
			productReference = C6EAC4C21C85D5AB00FFFBFA /* C++ test */;
			productType = "com.apple.product-type.tool";
		};
/* End PBXNativeTarget section */

/* Begin PBXProject section */
		C6EAC4BA1C85D5AB00FFFBFA /* Project object */ = {
			isa = PBXProject;
			attributes = {
				LastUpgradeCheck = 0720;
				ORGANIZATIONNAME = "刘楠";
				TargetAttributes = {
					C6EAC4C11C85D5AB00FFFBFA = {
						CreatedOnToolsVersion = 7.2.1;
					};
				};
			};
			buildConfigurationList = C6EAC4BD1C85D5AB00FFFBFA /* Build configuration list for PBXProject "C++ test" */;
			compatibilityVersion = "Xcode 3.2";
			developmentRegion = English;
			hasScannedForEncodings = 0;
			knownRegions = (
				en,
			);
			mainGroup = C6EAC4B91C85D5AB00FFFBFA;
			productRefGroup = C6EAC4C31C85D5AB00FFFBFA /* Products */;
			projectDirPath = "";
			projectRoot = "";
			targets = (
				C6EAC4C11C85D5AB00FFFBFA /* C++ test */,
			);
		};
/* End PBXProject section */

/* Begin PBXSourcesBuildPhase section */
		C6EAC4BE1C85D5AB00FFFBFA /* Sources */ = {
			isa = PBXSourcesBuildPhase;
			buildActionMask = 2147483647;
			files = (
				C6EAC4C61C85D5AB00FFFBFA /* main.cpp in Sources */,
			);
			runOnlyForDeploymentPostprocessing = 0;
		};
/* End PBXSourcesBuildPhase section */

/* Begin XCBuildConfiguration section */
		C6EAC4C71C85D5AB00FFFBFA /* Debug */ = {
			isa = XCBuildConfiguration;
			buildSettings = {
				ALWAYS_SEARCH_USER_PATHS = NO;
				CLANG_CXX_LANGUAGE_STANDARD = "gnu++0x";
				CLANG_CXX_LIBRARY = "libc++";
				CLANG_ENABLE_MODULES = YES;
				CLANG_ENABLE_OBJC_ARC = YES;
				CLANG_WARN_BOOL_CONVERSION = YES;
				CLANG_WARN_CONSTANT_CONVERSION = YES;
				CLANG_WARN_DIRECT_OBJC_ISA_USAGE = YES_ERROR;
				CLANG_WARN_EMPTY_BODY = YES;
				CLANG_WARN_ENUM_CONVERSION = YES;
				CLANG_WARN_INT_CONVERSION = YES;
				CLANG_WARN_OBJC_ROOT_CLASS = YES_ERROR;
				CLANG_WARN_UNREACHABLE_CODE = YES;
				CLANG_WARN__DUPLICATE_METHOD_MATCH = YES;
				CODE_SIGN_IDENTITY = "-";
				COPY_PHASE_STRIP = NO;
				DEBUG_INFORMATION_FORMAT = dwarf;
				ENABLE_STRICT_OBJC_MSGSEND = YES;
				ENABLE_TESTABILITY = YES;
				GCC_C_LANGUAGE_STANDARD = gnu99;
				GCC_DYNAMIC_NO_PIC = NO;
				GCC_NO_COMMON_BLOCKS = YES;
				GCC_OPTIMIZATION_LEVEL = 0;
				GCC_PREPROCESSOR_DEFINITIONS = (
					"DEBUG=1",
					"$(inherited)",
				);
				GCC_WARN_64_TO_32_BIT_CONVERSION = YES;
				GCC_WARN_ABOUT_RETURN_TYPE = YES_ERROR;
				GCC_WARN_UNDECLARED_SELECTOR = YES;
				GCC_WARN_UNINITIALIZED_AUTOS = YES_AGGRESSIVE;
				GCC_WARN_UNUSED_FUNCTION = YES;
				GCC_WARN_UNUSED_VARIABLE = YES;
				MACOSX_DEPLOYMENT_TARGET = 10.11;
				MTL_ENABLE_DEBUG_INFO = YES;
				ONLY_ACTIVE_ARCH = YES;
				SDKROOT = macosx;
			};
			name = Debug;
		};
		C6EAC4C81C85D5AB00FFFBFA /* Release */ = {
			isa = XCBuildConfiguration;
			buildSettings = {
				ALWAYS_SEARCH_USER_PATHS = NO;
				CLANG_CXX_LANGUAGE_STANDARD = "gnu++0x";
				CLANG_CXX_LIBRARY = "libc++";
				CLANG_ENABLE_MODULES = YES;
				CLANG_ENABLE_OBJC_ARC = YES;
				CLANG_WARN_BOOL_CONVERSION = YES;
				CLANG_WARN_CONSTANT_CONVERSION = YES;
				CLANG_WARN_DIRECT_OBJC_ISA_USAGE = YES_ERROR;
				CLANG_WARN_EMPTY_BODY = YES;
				CLANG_WARN_ENUM_CONVERSION = YES;
				CLANG_WARN_INT_CONVERSION = YES;
				CLANG_WARN_OBJC_ROOT_CLASS = YES_ERROR;
				CLANG_WARN_UNREACHABLE_CODE = YES;
				CLANG_WARN__DUPLICATE_METHOD_MATCH = YES;
				CODE_SIGN_IDENTITY = "-";
				COPY_PHASE_STRIP = NO;
				DEBUG_INFORMATION_FORMAT = "dwarf-with-dsym";
				ENABLE_NS_ASSERTIONS = NO;
				ENABLE_STRICT_OBJC_MSGSEND = YES;
				GCC_C_LANGUAGE_STANDARD = gnu99;
				GCC_NO_COMMON_BLOCKS = YES;
				GCC_WARN_64_TO_32_BIT_CONVERSION = YES;
				GCC_WARN_ABOUT_RETURN_TYPE = YES_ERROR;
				GCC_WARN_UNDECLARED_SELECTOR = YES;
				GCC_WARN_UNINITIALIZED_AUTOS = YES_AGGRESSIVE;
				GCC_WARN_UNUSED_FUNCTION = YES;
				GCC_WARN_UNUSED_VARIABLE = YES;
				MACOSX_DEPLOYMENT_TARGET = 10.11;
				MTL_ENABLE_DEBUG_INFO = NO;
				SDKROOT = macosx;
			};
			name = Release;
		};
		C6EAC4CA1C85D5AB00FFFBFA /* Debug */ = {
			isa = XCBuildConfiguration;
			buildSettings = {
				PRODUCT_NAME = "$(TARGET_NAME)";
			};
			name = Debug;
		};
		C6EAC4CB1C85D5AB00FFFBFA /* Release */ = {
			isa = XCBuildConfiguration;
			buildSettings = {
				PRODUCT_NAME = "$(TARGET_NAME)";
			};
			name = Release;
		};
/* End XCBuildConfiguration section */

/* Begin XCConfigurationList section */
		C6EAC4BD1C85D5AB00FFFBFA /* Build configuration list for PBXProject "C++ test" */ = {
			isa = XCConfigurationList;
			buildConfigurations = (
				C6EAC4C71C85D5AB00FFFBFA /* Debug */,
				C6EAC4C81C85D5AB00FFFBFA /* Release */,
			);
			defaultConfigurationIsVisible = 0;
			defaultConfigurationName = Release;
		};
		C6EAC4C91C85D5AB00FFFBFA /* Build configuration list for PBXNativeTarget "C++ test" */ = {
			isa = XCConfigurationList;
			buildConfigurations = (
				C6EAC4CA1C85D5AB00FFFBFA /* Debug */,
				C6EAC4CB1C85D5AB00FFFBFA /* Release */,
			);
			defaultConfigurationIsVisible = 0;
			defaultConfigurationName = Release;
		};
/* End XCConfigurationList section */
	};
	rootObject = C6EAC4BA1C85D5AB00FFFBFA /* Project object */;
}
